<?xml version="1.0" encoding="utf-8"?>
<Project ToolsVersion="4.0" xmlns="http://schemas.microsoft.com/developer/msbuild/2003">
  <ItemGroup>
    <Filter Include="Source Files">
      <UniqueIdentifier>{2bf84095-4334-46fc-8b94-a3e08eeabd5f}</UniqueIdentifier>
      <Extensions>cpp;c;cxx;rc;def;r;odl;idl;hpj;bat</Extensions>
    </Filter>
    <Filter Include="Header Files">
      <UniqueIdentifier>{c0741a14-8932-4ff3-98ae-580dbcf54c84}</UniqueIdentifier>
      <Extensions>h;hpp;hxx;hm;inl</Extensions>
    </Filter>
    <Filter Include="Resource Files">
      <UniqueIdentifier>{9fe40c19-f3fd-4679-a80f-ed6c9a0d13fc}</UniqueIdentifier>
      <Extensions>ico;cur;bmp;dlg;rc2;rct;bin;rgs;gif;jpg;jpeg;jpe</Extensions>
    </Filter>
  </ItemGroup>
  <ItemGroup>
    <ClCompile Include="Cluster.cpp">
      <Filter>Source Files</Filter>
    </ClCompile>
    <ClCompile Include="Cluster2.cpp">
      <Filter>Source Files</Filter>
    </ClCompile>
    <ClCompile Include="glm.cpp">
      <Filter>Source Files</Filter>
    </ClCompile>
    <ClCompile Include="KdTree.cpp">
      <Filter>Source Files</Filter>
    </ClCompile>
    <ClCompile Include="MainFrm.cpp">
      <Filter>Source Files</Filter>
    </ClCompile>
    <ClCompile Include="MathFunctions.cpp">
      <Filter>Source Files</Filter>
    </ClCompile>
    <ClCompile Include="MeshDenoising.cpp">
      <Filter>Source Files</Filter>
    </ClCompile>
    <ClCompile Include="PriorityQueue.cpp">
      <Filter>Source Files</Filter>
    </ClCompile>
    <ClCompile Include="SharedStructures.cpp">
      <Filter>Source Files</Filter>
    </ClCompile>
    <ClCompile Include="SingularValueDecomposition.cpp">
      <Filter>Source Files</Filter>
    </ClCompile>
    <ClCompile Include="StdAfx.cpp">
      <Filter>Source Files</Filter>
    </ClCompile>
    <ClCompile Include="Timing.cpp">
      <Filter>Source Files</Filter>
    </ClCompile>
    <ClCompile Include="Vector3D.cpp">
      <Filter>Source Files</Filter>
    </ClCompile>
    <ClCompile Include="zy.cpp">
      <Filter>Source Files</Filter>
    </ClCompile>
    <ClCompile Include="zyDoc.cpp">
      <Filter>Source Files</Filter>
    </ClCompile>
    <ClCompile Include="zyView.cpp">
      <Filter>Source Files</Filter>
    </ClCompile>
    <ClCompile Include="GraphSegment.cpp">
      <Filter>Source Files</Filter>
    </ClCompile>
    <ClCompile Include="Graph.cpp">
      <Filter>Source Files</Filter>
    </ClCompile>
    <ClCompile Include="graph_cut.cpp">
      <Filter>Source Files</Filter>
    </ClCompile>
    <ClCompile Include="maxflow.cpp">
      <Filter>Source Files</Filter>
    </ClCompile>
  </ItemGroup>
  <ItemGroup>
    <ResourceCompile Include="zy.rc">
      <Filter>Source Files</Filter>
    </ResourceCompile>
  </ItemGroup>
  <ItemGroup>
    <ClInclude Include="Cluster.h">
      <Filter>Header Files</Filter>
    </ClInclude>
    <ClInclude Include="glm.h">
      <Filter>Header Files</Filter>
    </ClInclude>
    <ClInclude Include="KdTree.h">
      <Filter>Header Files</Filter>
    </ClInclude>
    <ClInclude Include="MainFrm.h">
      <Filter>Header Files</Filter>
    </ClInclude>
    <ClInclude Include="MathFunctions.h">
      <Filter>Header Files</Filter>
    </ClInclude>
    <ClInclude Include="MeshDenoising.h">
      <Filter>Header Files</Filter>
    </ClInclude>
    <ClInclude Include="PriorityQueue.h">
      <Filter>Header Files</Filter>
    </ClInclude>
    <ClInclude Include="Resource.h">
      <Filter>Header Files</Filter>
    </ClInclude>
    <ClInclude Include="SharedStructures.h">
      <Filter>Header Files</Filter>
    </ClInclude>
    <ClInclude Include="StdAfx.h">
      <Filter>Header Files</Filter>
    </ClInclude>
    <ClInclude Include="Timing.h">
      <Filter>Header Files</Filter>
    </ClInclude>
    <ClInclude Include="Vector3D.h">
      <Filter>Header Files</Filter>
    </ClInclude>
    <ClInclude Include="zy.h">
      <Filter>Header Files</Filter>
    </ClInclude>
    <ClInclude Include="zyDoc.h">
      <Filter>Header Files</Filter>
    </ClInclude>
    <ClInclude Include="zyView.h">
      <Filter>Header Files</Filter>
    </ClInclude>
    <ClInclude Include="GraphSegment.h">
      <Filter>Header Files</Filter>
    </ClInclude>
    <ClInclude Include="Graph.h">
      <Filter>Header Files</Filter>
    </ClInclude>
    <ClInclude Include="block.h">
      <Filter>Header Files</Filter>
    </ClInclude>
    <ClInclude Include="graph_cut.h">
      <Filter>Header Files</Filter>
    </ClInclude>
  </ItemGroup>
  <ItemGroup>
    <Image Include="res\Toolbar.bmp">
      <Filter>Resource Files</Filter>
    </Image>
    <Image Include="res\zy.ico">
      <Filter>Resource Files</Filter>
    </Image>
    <Image Include="res\zyDoc.ico">
      <Filter>Resource Files</Filter>
    </Image>
  </ItemGroup>
  <ItemGroup>
    <Text Include="ReadMe.txt" />
  </ItemGroup>
  <ItemGroup>
    <CustomBuild Include="res\zy.rc2">
      <Filter>Resource Files</Filter>
    </CustomBuild>
  </ItemGroup>
  <ItemGroup>
    <None Include="instances.inc">
      <Filter>Header Files</Filter>
    </None>
  </ItemGroup>
</Project>